// !$*UTF8*$!
{
	archiveVersion = 1;
	classes = {
	};
	objectVersion = 50;
	objects = {

/* Begin PBXBuildFile section */
		78C83D2022CEF21000992EE2 /* Model.swift in Sources */ = {isa = PBXBuildFile; fileRef = 78C83D1F22CEF21000992EE2 /* Model.swift */; };
		78C83D2222CEF3B500992EE2 /* MemoListTableViewController.swift in Sources */ = {isa = PBXBuildFile; fileRef = 78C83D2122CEF3B500992EE2 /* MemoListTableViewController.swift */; };
		78CFBEBD22CF23CF009B0DA2 /* ComposeViewController.swift in Sources */ = {isa = PBXBuildFile; fileRef = 78CFBEBC22CF23CF009B0DA2 /* ComposeViewController.swift */; };
		78DC20F122CEDF9F0035492B /* AppDelegate.swift in Sources */ = {isa = PBXBuildFile; fileRef = 78DC20F022CEDF9F0035492B /* AppDelegate.swift */; };
		78DC20F622CEDF9F0035492B /* Main.storyboard in Resources */ = {isa = PBXBuildFile; fileRef = 78DC20F422CEDF9F0035492B /* Main.storyboard */; };
		78DC20F922CEDF9F0035492B /* DyMemo.xcdatamodeld in Sources */ = {isa = PBXBuildFile; fileRef = 78DC20F722CEDF9F0035492B /* DyMemo.xcdatamodeld */; };
		78DC20FB22CEDFA00035492B /* Assets.xcassets in Resources */ = {isa = PBXBuildFile; fileRef = 78DC20FA22CEDFA00035492B /* Assets.xcassets */; };
		78DC20FE22CEDFA00035492B /* LaunchScreen.storyboard in Resources */ = {isa = PBXBuildFile; fileRef = 78DC20FC22CEDFA00035492B /* LaunchScreen.storyboard */; };
		78E2C20D22D0A24B003E8957 /* DetailViewController.swift in Sources */ = {isa = PBXBuildFile; fileRef = 78E2C20C22D0A24B003E8957 /* DetailViewController.swift */; };
/* End PBXBuildFile section */

/* Begin PBXFileReference section */
		78C83D1F22CEF21000992EE2 /* Model.swift */ = {isa = PBXFileReference; lastKnownFileType = sourcecode.swift; path = Model.swift; sourceTree = "<group>"; };
		78C83D2122CEF3B500992EE2 /* MemoListTableViewController.swift */ = {isa = PBXFileReference; lastKnownFileType = sourcecode.swift; path = MemoListTableViewController.swift; sourceTree = "<group>"; };
		78CFBEBC22CF23CF009B0DA2 /* ComposeViewController.swift */ = {isa = PBXFileReference; lastKnownFileType = sourcecode.swift; path = ComposeViewController.swift; sourceTree = "<group>"; };
		78DC20ED22CEDF9F0035492B /* DyMemo.app */ = {isa = PBXFileReference; explicitFileType = wrapper.application; includeInIndex = 0; path = DyMemo.app; sourceTree = BUILT_PRODUCTS_DIR; };
		78DC20F022CEDF9F0035492B /* AppDelegate.swift */ = {isa = PBXFileReference; lastKnownFileType = sourcecode.swift; path = AppDelegate.swift; sourceTree = "<group>"; };
		78DC20F522CEDF9F0035492B /* Base */ = {isa = PBXFileReference; lastKnownFileType = file.storyboard; name = Base; path = Base.lproj/Main.storyboard; sourceTree = "<group>"; };
		78DC20F822CEDF9F0035492B /* DyMemo.xcdatamodel */ = {isa = PBXFileReference; lastKnownFileType = wrapper.xcdatamodel; path = DyMemo.xcdatamodel; sourceTree = "<group>"; };
		78DC20FA22CEDFA00035492B /* Assets.xcassets */ = {isa = PBXFileReference; lastKnownFileType = folder.assetcatalog; path = Assets.xcassets; sourceTree = "<group>"; };
		78DC20FD22CEDFA00035492B /* Base */ = {isa = PBXFileReference; lastKnownFileType = file.storyboard; name = Base; path = Base.lproj/LaunchScreen.storyboard; sourceTree = "<group>"; };
		78DC20FF22CEDFA00035492B /* Info.plist */ = {isa = PBXFileReference; lastKnownFileType = text.plist.xml; path = Info.plist; sourceTree = "<group>"; };
		78E2C20C22D0A24B003E8957 /* DetailViewController.swift */ = {isa = PBXFileReference; lastKnownFileType = sourcecode.swift; path = DetailViewController.swift; sourceTree = "<group>"; };
/* End PBXFileReference section */

/* Begin PBXFrameworksBuildPhase section */
		78DC20EA22CEDF9F0035492B /* Frameworks */ = {
			isa = PBXFrameworksBuildPhase;
			buildActionMask = 2147483647;
			files = (
			);
			runOnlyForDeploymentPostprocessing = 0;
		};
/* End PBXFrameworksBuildPhase section */

/* Begin PBXGroup section */
		78C83D1E22CEF1F100992EE2 /* Model */ = {
			isa = PBXGroup;
			children = (
				78C83D1F22CEF21000992EE2 /* Model.swift */,
			);
			path = Model;
			sourceTree = "<group>";
		};
		78DC20E422CEDF9F0035492B = {
			isa = PBXGroup;
			children = (
				78DC20EF22CEDF9F0035492B /* DyMemo */,
				78DC20EE22CEDF9F0035492B /* Products */,
			);
			sourceTree = "<group>";
		};
		78DC20EE22CEDF9F0035492B /* Products */ = {
			isa = PBXGroup;
			children = (
				78DC20ED22CEDF9F0035492B /* DyMemo.app */,
			);
			name = Products;
			sourceTree = "<group>";
		};
		78DC20EF22CEDF9F0035492B /* DyMemo */ = {
			isa = PBXGroup;
			children = (
				78C83D1E22CEF1F100992EE2 /* Model */,
				78DC20F022CEDF9F0035492B /* AppDelegate.swift */,
				78DC20F422CEDF9F0035492B /* Main.storyboard */,
				78DC20FA22CEDFA00035492B /* Assets.xcassets */,
				78DC20FC22CEDFA00035492B /* LaunchScreen.storyboard */,
				78DC20FF22CEDFA00035492B /* Info.plist */,
				78DC20F722CEDF9F0035492B /* DyMemo.xcdatamodeld */,
				78C83D2122CEF3B500992EE2 /* MemoListTableViewController.swift */,
				78CFBEBC22CF23CF009B0DA2 /* ComposeViewController.swift */,
				78E2C20C22D0A24B003E8957 /* DetailViewController.swift */,
			);
			path = DyMemo;
			sourceTree = "<group>";
		};
/* End PBXGroup section */

/* Begin PBXNativeTarget section */
		78DC20EC22CEDF9F0035492B /* DyMemo */ = {
			isa = PBXNativeTarget;
			buildConfigurationList = 78DC210222CEDFA00035492B /* Build configuration list for PBXNativeTarget "DyMemo" */;
			buildPhases = (
				78DC20E922CEDF9F0035492B /* Sources */,
				78DC20EA22CEDF9F0035492B /* Frameworks */,
				78DC20EB22CEDF9F0035492B /* Resources */,
			);
			buildRules = (
			);
			dependencies = (
			);
			name = DyMemo;
			productName = DyMemo;
			productReference = 78DC20ED22CEDF9F0035492B /* DyMemo.app */;
			productType = "com.apple.product-type.application";
		};
/* End PBXNativeTarget section */

/* Begin PBXProject section */
		78DC20E522CEDF9F0035492B /* Project object */ = {
			isa = PBXProject;
			attributes = {
				LastSwiftUpdateCheck = 1010;
				LastUpgradeCheck = 1010;
				ORGANIZATIONNAME = Doyun;
				TargetAttributes = {
					78DC20EC22CEDF9F0035492B = {
						CreatedOnToolsVersion = 10.1;
					};
				};
			};
			buildConfigurationList = 78DC20E822CEDF9F0035492B /* Build configuration list for PBXProject "DyMemo" */;
			compatibilityVersion = "Xcode 9.3";
			developmentRegion = en;
			hasScannedForEncodings = 0;
			knownRegions = (
				en,
				Base,
			);
			mainGroup = 78DC20E422CEDF9F0035492B;
			productRefGroup = 78DC20EE22CEDF9F0035492B /* Products */;
			projectDirPath = "";
			projectRoot = "";
			targets = (
				78DC20EC22CEDF9F0035492B /* DyMemo */,
			);
		};
/* End PBXProject section */

/* Begin PBXResourcesBuildPhase section */
		78DC20EB22CEDF9F0035492B /* Resources */ = {
			isa = PBXResourcesBuildPhase;
			buildActionMask = 2147483647;
			files = (
				78DC20FE22CEDFA00035492B /* LaunchScreen.storyboard in Resources */,
				78DC20FB22CEDFA00035492B /* Assets.xcassets in Resources */,
				78DC20F622CEDF9F0035492B /* Main.storyboard in Resources */,
			);
			runOnlyForDeploymentPostprocessing = 0;
		};
/* End PBXResourcesBuildPhase section */

/* Begin PBXSourcesBuildPhase section */
		78DC20E922CEDF9F0035492B /* Sources */ = {
			isa = PBXSourcesBuildPhase;
			buildActionMask = 2147483647;
			files = (
				78CFBEBD22CF23CF009B0DA2 /* ComposeViewController.swift in Sources */,
				78C83D2022CEF21000992EE2 /* Model.swift in Sources */,
				78DC20F922CEDF9F0035492B /* DyMemo.xcdatamodeld in Sources */,
				78E2C20D22D0A24B003E8957 /* DetailViewController.swift in Sources */,
				78DC20F122CEDF9F0035492B /* AppDelegate.swift in Sources */,
				78C83D2222CEF3B500992EE2 /* MemoListTableViewController.swift in Sources */,
			);
			runOnlyForDeploymentPostprocessing = 0;
		};
/* End PBXSourcesBuildPhase section */

/* Begin PBXVariantGroup section */
		78DC20F422CEDF9F0035492B /* Main.storyboard */ = {
			isa = PBXVariantGroup;
			children = (
				78DC20F522CEDF9F0035492B /* Base */,
			);
			name = Main.storyboard;
			sourceTree = "<group>";
		};
		78DC20FC22CEDFA00035492B /* LaunchScreen.storyboard */ = {
			isa = PBXVariantGroup;
			children = (
				78DC20FD22CEDFA00035492B /* Base */,
			);
			name = LaunchScreen.storyboard;
			sourceTree = "<group>";
		};
/* End PBXVariantGroup section */

/* Begin XCBuildConfiguration section */
		78DC210022CEDFA00035492B /* Debug */ = {
			isa = XCBuildConfiguration;
			buildSettings = {
				ALWAYS_SEARCH_USER_PATHS = NO;
				CLANG_ANALYZER_NONNULL = YES;
				CLANG_ANALYZER_NUMBER_OBJECT_CONVERSION = YES_AGGRESSIVE;
				CLANG_CXX_LANGUAGE_STANDARD = "gnu++14";
				CLANG_CXX_LIBRARY = "libc++";
				CLANG_ENABLE_MODULES = YES;
				CLANG_ENABLE_OBJC_ARC = YES;
				CLANG_ENABLE_OBJC_WEAK = YES;
				CLANG_WARN_BLOCK_CAPTURE_AUTORELEASING = YES;
				CLANG_WARN_BOOL_CONVERSION = YES;
				CLANG_WARN_COMMA = YES;
				CLANG_WARN_CONSTANT_CONVERSION = YES;
				CLANG_WARN_DEPRECATED_OBJC_IMPLEMENTATIONS = YES;
				CLANG_WARN_DIRECT_OBJC_ISA_USAGE = YES_ERROR;
				CLANG_WARN_DOCUMENTATION_COMMENTS = YES;
				CLANG_WARN_EMPTY_BODY = YES;
				CLANG_WARN_ENUM_CONVERSION = YES;
				CLANG_WARN_INFINITE_RECURSION = YES;
				CLANG_WARN_INT_CONVERSION = YES;
				CLANG_WARN_NON_LITERAL_NULL_CONVERSION = YES;
				CLANG_WARN_OBJC_IMPLICIT_RETAIN_SELF = YES;
				CLANG_WARN_OBJC_LITERAL_CONVERSION = YES;
				CLANG_WARN_OBJC_ROOT_CLASS = YES_ERROR;
				CLANG_WARN_RANGE_LOOP_ANALYSIS = YES;
				CLANG_WARN_STRICT_PROTOTYPES = YES;
				CLANG_WARN_SUSPICIOUS_MOVE = YES;
				CLANG_WARN_UNGUARDED_AVAILABILITY = YES_AGGRESSIVE;
				CLANG_WARN_UNREACHABLE_CODE = YES;
				CLANG_WARN__DUPLICATE_METHOD_MATCH = YES;
				CODE_SIGN_IDENTITY = "iPhone Developer";
				COPY_PHASE_STRIP = NO;
				DEBUG_INFORMATION_FORMAT = dwarf;
				ENABLE_STRICT_OBJC_MSGSEND = YES;
				ENABLE_TESTABILITY = YES;
				GCC_C_LANGUAGE_STANDARD = gnu11;
				GCC_DYNAMIC_NO_PIC = NO;
				GCC_NO_COMMON_BLOCKS = YES;
				GCC_OPTIMIZATION_LEVEL = 0;
				GCC_PREPROCESSOR_DEFINITIONS = (
					"DEBUG=1",
					"$(inherited)",
				);
				GCC_WARN_64_TO_32_BIT_CONVERSION = YES;
				GCC_WARN_ABOUT_RETURN_TYPE = YES_ERROR;
				GCC_WARN_UNDECLARED_SELECTOR = YES;
				GCC_WARN_UNINITIALIZED_AUTOS = YES_AGGRESSIVE;
				GCC_WARN_UNUSED_FUNCTION = YES;
				GCC_WARN_UNUSED_VARIABLE = YES;
				IPHONEOS_DEPLOYMENT_TARGET = 12.1;
				MTL_ENABLE_DEBUG_INFO = INCLUDE_SOURCE;
				MTL_FAST_MATH = YES;
				ONLY_ACTIVE_ARCH = YES;
				SDKROOT = iphoneos;
				SWIFT_ACTIVE_COMPILATION_CONDITIONS = DEBUG;
				SWIFT_OPTIMIZATION_LEVEL = "-Onone";
			};
			name = Debug;
		};
		78DC210122CEDFA00035492B /* Release */ = {
			isa = XCBuildConfiguration;
			buildSettings = {
				ALWAYS_SEARCH_USER_PATHS = NO;
				CLANG_ANALYZER_NONNULL = YES;
				CLANG_ANALYZER_NUMBER_OBJECT_CONVERSION = YES_AGGRESSIVE;
				CLANG_CXX_LANGUAGE_STANDARD = "gnu++14";
				CLANG_CXX_LIBRARY = "libc++";
				CLANG_ENABLE_MODULES = YES;
				CLANG_ENABLE_OBJC_ARC = YES;
				CLANG_ENABLE_OBJC_WEAK = YES;
				CLANG_WARN_BLOCK_CAPTURE_AUTORELEASING = YES;
				CLANG_WARN_BOOL_CONVERSION = YES;
				CLANG_WARN_COMMA = YES;
				CLANG_WARN_CONSTANT_CONVERSION = YES;
				CLANG_WARN_DEPRECATED_OBJC_IMPLEMENTATIONS = YES;
				CLANG_WARN_DIRECT_OBJC_ISA_USAGE = YES_ERROR;
				CLANG_WARN_DOCUMENTATION_COMMENTS = YES;
				CLANG_WARN_EMPTY_BODY = YES;
				CLANG_WARN_ENUM_CONVERSION = YES;
				CLANG_WARN_INFINITE_RECURSION = YES;
				CLANG_WARN_INT_CONVERSION = YES;
				CLANG_WARN_NON_LITERAL_NULL_CONVERSION = YES;
				CLANG_WARN_OBJC_IMPLICIT_RETAIN_SELF = YES;
				CLANG_WARN_OBJC_LITERAL_CONVERSION = YES;
				CLANG_WARN_OBJC_ROOT_CLASS = YES_ERROR;
				CLANG_WARN_RANGE_LOOP_ANALYSIS = YES;
				CLANG_WARN_STRICT_PROTOTYPES = YES;
				CLANG_WARN_SUSPICIOUS_MOVE = YES;
				CLANG_WARN_UNGUARDED_AVAILABILITY = YES_AGGRESSIVE;
				CLANG_WARN_UNREACHABLE_CODE = YES;
				CLANG_WARN__DUPLICATE_METHOD_MATCH = YES;
				CODE_SIGN_IDENTITY = "iPhone Developer";
				COPY_PHASE_STRIP = NO;
				DEBUG_INFORMATION_FORMAT = "dwarf-with-dsym";
				ENABLE_NS_ASSERTIONS = NO;
				ENABLE_STRICT_OBJC_MSGSEND = YES;
				GCC_C_LANGUAGE_STANDARD = gnu11;
				GCC_NO_COMMON_BLOCKS = YES;
				GCC_WARN_64_TO_32_BIT_CONVERSION = YES;
				GCC_WARN_ABOUT_RETURN_TYPE = YES_ERROR;
				GCC_WARN_UNDECLARED_SELECTOR = YES;
				GCC_WARN_UNINITIALIZED_AUTOS = YES_AGGRESSIVE;
				GCC_WARN_UNUSED_FUNCTION = YES;
				GCC_WARN_UNUSED_VARIABLE = YES;
				IPHONEOS_DEPLOYMENT_TARGET = 12.1;
				MTL_ENABLE_DEBUG_INFO = NO;
				MTL_FAST_MATH = YES;
				SDKROOT = iphoneos;
				SWIFT_COMPILATION_MODE = wholemodule;
				SWIFT_OPTIMIZATION_LEVEL = "-O";
				VALIDATE_PRODUCT = YES;
			};
			name = Release;
		};
		78DC210322CEDFA00035492B /* Debug */ = {
			isa = XCBuildConfiguration;
			buildSettings = {
				ASSETCATALOG_COMPILER_APPICON_NAME = AppIcon;
				CODE_SIGN_STYLE = Automatic;
				DEVELOPMENT_TEAM = 7L3BA7B54Q;
				INFOPLIST_FILE = DyMemo/Info.plist;
				IPHONEOS_DEPLOYMENT_TARGET = 10.0;
				LD_RUNPATH_SEARCH_PATHS = (
					"$(inherited)",
					"@executable_path/Frameworks",
				);
				PRODUCT_BUNDLE_IDENTIFIER = kimD.DyMemo;
				PRODUCT_NAME = "$(TARGET_NAME)";
				SWIFT_VERSION = 4.2;
				TARGETED_DEVICE_FAMILY = "1,2";
			};
			name = Debug;
		};
		78DC210422CEDFA00035492B /* Release */ = {
			isa = XCBuildConfiguration;
			buildSettings = {
				ASSETCATALOG_COMPILER_APPICON_NAME = AppIcon;
				CODE_SIGN_STYLE = Automatic;
				DEVELOPMENT_TEAM = 7L3BA7B54Q;
				INFOPLIST_FILE = DyMemo/Info.plist;
				IPHONEOS_DEPLOYMENT_TARGET = 10.0;
				LD_RUNPATH_SEARCH_PATHS = (
					"$(inherited)",
					"@executable_path/Frameworks",
				);
				PRODUCT_BUNDLE_IDENTIFIER = kimD.DyMemo;
				PRODUCT_NAME = "$(TARGET_NAME)";
				SWIFT_VERSION = 4.2;
				TARGETED_DEVICE_FAMILY = "1,2";
			};
			name = Release;
		};
/* End XCBuildConfiguration section */

/* Begin XCConfigurationList section */
		78DC20E822CEDF9F0035492B /* Build configuration list for PBXProject "DyMemo" */ = {
			isa = XCConfigurationList;
			buildConfigurations = (
				78DC210022CEDFA00035492B /* Debug */,
				78DC210122CEDFA00035492B /* Release */,
			);
			defaultConfigurationIsVisible = 0;
			defaultConfigurationName = Release;
		};
		78DC210222CEDFA00035492B /* Build configuration list for PBXNativeTarget "DyMemo" */ = {
			isa = XCConfigurationList;
			buildConfigurations = (
				78DC210322CEDFA00035492B /* Debug */,
				78DC210422CEDFA00035492B /* Release */,
			);
			defaultConfigurationIsVisible = 0;
			defaultConfigurationName = Release;
		};
/* End XCConfigurationList section */

/* Begin XCVersionGroup section */
		78DC20F722CEDF9F0035492B /* DyMemo.xcdatamodeld */ = {
			isa = XCVersionGroup;
			children = (
				78DC20F822CEDF9F0035492B /* DyMemo.xcdatamodel */,
			);
			currentVersion = 78DC20F822CEDF9F0035492B /* DyMemo.xcdatamodel */;
			path = DyMemo.xcdatamodeld;
			sourceTree = "<group>";
			versionGroupType = wrapper.xcdatamodel;
		};
/* End XCVersionGroup section */
	};
	rootObject = 78DC20E522CEDF9F0035492B /* Project object */;
}
